
Microsoft Visual Studio Solution File, Format Version 12.00
# Visual Studio Version 16
VisualStudioVersion = 16.0.31112.23
MinimumVisualStudioVersion = 10.0.40219.1
Project("{9A19103F-16F7-4668-BE54-9A1E7A4F7556}") = "Enable Now Konnektor Editor", "Enable Now Konnektor Editor.csproj", "{FC09BDB0-1A04-4009-B4B9-9A0A8F0D0C69}"
EndProject
Global
	GlobalSection(SolutionConfigurationPlatforms) = preSolution
		Debug|Any CPU = Debug|Any CPU
		Release|Any CPU = Release|Any CPU
	EndGlobalSection
	GlobalSection(ProjectConfigurationPlatforms) = postSolution
		{FC09BDB0-1A04-4009-B4B9-9A0A8F0D0C69}.Debug|Any CPU.ActiveCfg = Debug|Any CPU
		{FC09BDB0-1A04-4009-B4B9-9A0A8F0D0C69}.Debug|Any CPU.Build.0 = Debug|Any CPU
		{FC09BDB0-1A04-4009-B4B9-9A0A8F0D0C69}.Release|Any CPU.ActiveCfg = Release|Any CPU
		{FC09BDB0-1A04-4009-B4B9-9A0A8F0D0C69}.Release|Any CPU.Build.0 = Release|Any CPU
	EndGlobalSection
	GlobalSection(SolutionProperties) = preSolution
		HideSolutionNode = FALSE
	EndGlobalSection
	GlobalSection(ExtensibilityGlobals) = postSolution
		SolutionGuid = {C200984D-C55E-40D9-8D23-7DE408F26D98}
	EndGlobalSection
EndGlobal
